
Microsoft Visual Studio Solution File, Format Version 12.00
# Visual Studio Version 16
VisualStudioVersion = 16.0.30330.147
MinimumVisualStudioVersion = 10.0.40219.1
Project("{FAE04EC0-301F-11D3-BF4B-00C04F79EFBC}") = "EmpManagmentWebApi", "EmpManagmentWebApi.csproj", "{EC23F5C4-3013-460A-BD72-E0E627BDC7A1}"
EndProject
Project("{FAE04EC0-301F-11D3-BF4B-00C04F79EFBC}") = "EmpManagmentWebApiBLL", "..\EmpManagmentWebApiBLL\EmpManagmentWebApiBLL.csproj", "{658BA53D-B52C-49F1-AFF2-9710C8BD28AD}"
EndProject
Project("{FAE04EC0-301F-11D3-BF4B-00C04F79EFBC}") = "EmpManagmentWebApiBOL", "..\EmpManagmentWebApiBOL\EmpManagmentWebApiBOL.csproj", "{13D8215C-DC81-4FA3-884A-978BA7E74E7D}"
EndProject
Project("{FAE04EC0-301F-11D3-BF4B-00C04F79EFBC}") = "EmpManagmentWebApiIBLL", "..\EmpManagmentWebApiIBLL\EmpManagmentWebApiIBLL.csproj", "{C4DD164D-F864-453C-A680-7712AF11935B}"
EndProject
Project("{FAE04EC0-301F-11D3-BF4B-00C04F79EFBC}") = "EmpManagmentWebApiDAL", "..\EmpManagmentWebApiDAL\EmpManagmentWebApiDAL.csproj", "{4E8A56FF-CC85-404A-A0A3-F1FCD41D75B2}"
EndProject
Global
	GlobalSection(SolutionConfigurationPlatforms) = preSolution
		Debug|Any CPU = Debug|Any CPU
		Release|Any CPU = Release|Any CPU
	EndGlobalSection
	GlobalSection(ProjectConfigurationPlatforms) = postSolution
		{EC23F5C4-3013-460A-BD72-E0E627BDC7A1}.Debug|Any CPU.ActiveCfg = Debug|Any CPU
		{EC23F5C4-3013-460A-BD72-E0E627BDC7A1}.Debug|Any CPU.Build.0 = Debug|Any CPU
		{EC23F5C4-3013-460A-BD72-E0E627BDC7A1}.Release|Any CPU.ActiveCfg = Release|Any CPU
		{EC23F5C4-3013-460A-BD72-E0E627BDC7A1}.Release|Any CPU.Build.0 = Release|Any CPU
		{658BA53D-B52C-49F1-AFF2-9710C8BD28AD}.Debug|Any CPU.ActiveCfg = Debug|Any CPU
		{658BA53D-B52C-49F1-AFF2-9710C8BD28AD}.Debug|Any CPU.Build.0 = Debug|Any CPU
		{658BA53D-B52C-49F1-AFF2-9710C8BD28AD}.Release|Any CPU.ActiveCfg = Release|Any CPU
		{658BA53D-B52C-49F1-AFF2-9710C8BD28AD}.Release|Any CPU.Build.0 = Release|Any CPU
		{13D8215C-DC81-4FA3-884A-978BA7E74E7D}.Debug|Any CPU.ActiveCfg = Debug|Any CPU
		{13D8215C-DC81-4FA3-884A-978BA7E74E7D}.Debug|Any CPU.Build.0 = Debug|Any CPU
		{13D8215C-DC81-4FA3-884A-978BA7E74E7D}.Release|Any CPU.ActiveCfg = Release|Any CPU
		{13D8215C-DC81-4FA3-884A-978BA7E74E7D}.Release|Any CPU.Build.0 = Release|Any CPU
		{C4DD164D-F864-453C-A680-7712AF11935B}.Debug|Any CPU.ActiveCfg = Debug|Any CPU
		{C4DD164D-F864-453C-A680-7712AF11935B}.Debug|Any CPU.Build.0 = Debug|Any CPU
		{C4DD164D-F864-453C-A680-7712AF11935B}.Release|Any CPU.ActiveCfg = Release|Any CPU
		{C4DD164D-F864-453C-A680-7712AF11935B}.Release|Any CPU.Build.0 = Release|Any CPU
		{4E8A56FF-CC85-404A-A0A3-F1FCD41D75B2}.Debug|Any CPU.ActiveCfg = Debug|Any CPU
		{4E8A56FF-CC85-404A-A0A3-F1FCD41D75B2}.Debug|Any CPU.Build.0 = Debug|Any CPU
		{4E8A56FF-CC85-404A-A0A3-F1FCD41D75B2}.Release|Any CPU.ActiveCfg = Release|Any CPU
		{4E8A56FF-CC85-404A-A0A3-F1FCD41D75B2}.Release|Any CPU.Build.0 = Release|Any CPU
	EndGlobalSection
	GlobalSection(SolutionProperties) = preSolution
		HideSolutionNode = FALSE
	EndGlobalSection
	GlobalSection(ExtensibilityGlobals) = postSolution
		SolutionGuid = {9A5F4C8B-C012-4D8D-A463-29FEEE68399F}
	EndGlobalSection
EndGlobal
